// !$*UTF8*$!
{
	archiveVersion = 1;
	classes = {
	};
	objectVersion = 46;
	objects = {

/* Begin PBXBuildFile section */
		512002DD1F2CAA0B005FABC1 /* Utils.swift in Sources */ = {isa = PBXBuildFile; fileRef = 512002DC1F2CAA0B005FABC1 /* Utils.swift */; };
		512002DF1F42756A005FABC1 /* FlipFlopTimer.swift in Sources */ = {isa = PBXBuildFile; fileRef = 512002DE1F42756A005FABC1 /* FlipFlopTimer.swift */; };
		5171E07F1F11618F00E9ED65 /* AppDelegate.swift in Sources */ = {isa = PBXBuildFile; fileRef = 5171E07E1F11618F00E9ED65 /* AppDelegate.swift */; };
		5171E0811F11618F00E9ED65 /* IntroViewController.swift in Sources */ = {isa = PBXBuildFile; fileRef = 5171E0801F11618F00E9ED65 /* IntroViewController.swift */; };
		5171E0841F11618F00E9ED65 /* Main.storyboard in Resources */ = {isa = PBXBuildFile; fileRef = 5171E0821F11618F00E9ED65 /* Main.storyboard */; };
		5171E0891F11618F00E9ED65 /* LaunchScreen.storyboard in Resources */ = {isa = PBXBuildFile; fileRef = 5171E0871F11618F00E9ED65 /* LaunchScreen.storyboard */; };
		5171E0941F11618F00E9ED65 /* iSmack_a_frogTests.swift in Sources */ = {isa = PBXBuildFile; fileRef = 5171E0931F11618F00E9ED65 /* iSmack_a_frogTests.swift */; };
		5171E09F1F11618F00E9ED65 /* iSmack_a_frogUITests.swift in Sources */ = {isa = PBXBuildFile; fileRef = 5171E09E1F11618F00E9ED65 /* iSmack_a_frogUITests.swift */; };
		5171E0AD1F116AC100E9ED65 /* .gitignore in Resources */ = {isa = PBXBuildFile; fileRef = 5171E0AC1F116AC100E9ED65 /* .gitignore */; };
		5171E0D31F16AD9100E9ED65 /* GameViewController.swift in Sources */ = {isa = PBXBuildFile; fileRef = 5171E0D21F16AD9100E9ED65 /* GameViewController.swift */; };
		5171E0D71F1A6DC600E9ED65 /* GameCellView.swift in Sources */ = {isa = PBXBuildFile; fileRef = 5171E0D61F1A6DC600E9ED65 /* GameCellView.swift */; };
		5171E0DA1F1AD66000E9ED65 /* Game.swift in Sources */ = {isa = PBXBuildFile; fileRef = 5171E0D81F1AD66000E9ED65 /* Game.swift */; };
		5171E0DB1F1AD66000E9ED65 /* GameConfig.swift in Sources */ = {isa = PBXBuildFile; fileRef = 5171E0D91F1AD66000E9ED65 /* GameConfig.swift */; };
		5171E0E51F1D30E900E9ED65 /* GameBoard.swift in Sources */ = {isa = PBXBuildFile; fileRef = 5171E0E41F1D30E900E9ED65 /* GameBoard.swift */; };
		5171E0E71F1D32F700E9ED65 /* GameDifficulty.swift in Sources */ = {isa = PBXBuildFile; fileRef = 5171E0E61F1D32F700E9ED65 /* GameDifficulty.swift */; };
		5171E0E91F1D46D800E9ED65 /* FrogHole.swift in Sources */ = {isa = PBXBuildFile; fileRef = 5171E0E81F1D46D800E9ED65 /* FrogHole.swift */; };
		5173787A1F21463D00B963B0 /* Assets.xcassets in Resources */ = {isa = PBXBuildFile; fileRef = 517378791F21463D00B963B0 /* Assets.xcassets */; };
		517378921F2BF15000B963B0 /* BoardTimeController.swift in Sources */ = {isa = PBXBuildFile; fileRef = 517378911F2BF15000B963B0 /* BoardTimeController.swift */; };
		517396801F6F11C00094B648 /* Player.swift in Sources */ = {isa = PBXBuildFile; fileRef = 5173967F1F6F11C00094B648 /* Player.swift */; };
		517396821F6F17AE0094B648 /* DataManager.swift in Sources */ = {isa = PBXBuildFile; fileRef = 517396811F6F17AE0094B648 /* DataManager.swift */; };
		517396841F6F38EB0094B648 /* PersistablePlayer.swift in Sources */ = {isa = PBXBuildFile; fileRef = 517396831F6F38EB0094B648 /* PersistablePlayer.swift */; };
		517E84F01F489F480036D7A8 /* GameSummaryViewController.swift in Sources */ = {isa = PBXBuildFile; fileRef = 517E84EF1F489F480036D7A8 /* GameSummaryViewController.swift */; };
		517E85111F48B05E0036D7A8 /* hole.png in Resources */ = {isa = PBXBuildFile; fileRef = 517E85071F48B05E0036D7A8 /* hole.png */; };
		517E85121F48B05E0036D7A8 /* star_2.png in Resources */ = {isa = PBXBuildFile; fileRef = 517E85081F48B05E0036D7A8 /* star_2.png */; };
		517E85131F48B05E0036D7A8 /* Star.png in Resources */ = {isa = PBXBuildFile; fileRef = 517E85091F48B05E0036D7A8 /* Star.png */; };
		517E85141F48B05E0036D7A8 /* toon_frog_nobackground_croped.png in Resources */ = {isa = PBXBuildFile; fileRef = 517E850A1F48B05E0036D7A8 /* toon_frog_nobackground_croped.png */; };
		517E85151F48B05E0036D7A8 /* toon_frog_nobackground2.png in Resources */ = {isa = PBXBuildFile; fileRef = 517E850B1F48B05E0036D7A8 /* toon_frog_nobackground2.png */; };
		517E85161F48B05E0036D7A8 /* toon_mean_frog.png in Resources */ = {isa = PBXBuildFile; fileRef = 517E850C1F48B05E0036D7A8 /* toon_mean_frog.png */; };
		517E85171F48B05E0036D7A8 /* toon_shocked_frog.png in Resources */ = {isa = PBXBuildFile; fileRef = 517E850D1F48B05E0036D7A8 /* toon_shocked_frog.png */; };
		517E85181F48B05E0036D7A8 /* toon_sick_frog.png in Resources */ = {isa = PBXBuildFile; fileRef = 517E850E1F48B05E0036D7A8 /* toon_sick_frog.png */; };
		517E85191F48B05E0036D7A8 /* x-death.png in Resources */ = {isa = PBXBuildFile; fileRef = 517E850F1F48B05E0036D7A8 /* x-death.png */; };
		517E851A1F48B05E0036D7A8 /* x-life.png in Resources */ = {isa = PBXBuildFile; fileRef = 517E85101F48B05E0036D7A8 /* x-life.png */; };
		517E851C1F48B0FC0036D7A8 /* blue_star.png in Resources */ = {isa = PBXBuildFile; fileRef = 517E851B1F48B0FC0036D7A8 /* blue_star.png */; };
/* End PBXBuildFile section */

/* Begin PBXContainerItemProxy section */
		5171E0901F11618F00E9ED65 /* PBXContainerItemProxy */ = {
			isa = PBXContainerItemProxy;
			containerPortal = 5171E0731F11618F00E9ED65 /* Project object */;
			proxyType = 1;
			remoteGlobalIDString = 5171E07A1F11618F00E9ED65;
			remoteInfo = "iSmack-a-frog";
		};
		5171E09B1F11618F00E9ED65 /* PBXContainerItemProxy */ = {
			isa = PBXContainerItemProxy;
			containerPortal = 5171E0731F11618F00E9ED65 /* Project object */;
			proxyType = 1;
			remoteGlobalIDString = 5171E07A1F11618F00E9ED65;
			remoteInfo = "iSmack-a-frog";
		};
/* End PBXContainerItemProxy section */

/* Begin PBXFileReference section */
		512002DC1F2CAA0B005FABC1 /* Utils.swift */ = {isa = PBXFileReference; fileEncoding = 4; lastKnownFileType = sourcecode.swift; path = Utils.swift; sourceTree = "<group>"; };
		512002DE1F42756A005FABC1 /* FlipFlopTimer.swift */ = {isa = PBXFileReference; fileEncoding = 4; lastKnownFileType = sourcecode.swift; path = FlipFlopTimer.swift; sourceTree = "<group>"; };
		5171E07B1F11618F00E9ED65 /* iSmack-a-frog.app */ = {isa = PBXFileReference; explicitFileType = wrapper.application; includeInIndex = 0; path = "iSmack-a-frog.app"; sourceTree = BUILT_PRODUCTS_DIR; };
		5171E07E1F11618F00E9ED65 /* AppDelegate.swift */ = {isa = PBXFileReference; lastKnownFileType = sourcecode.swift; path = AppDelegate.swift; sourceTree = "<group>"; };
		5171E0801F11618F00E9ED65 /* IntroViewController.swift */ = {isa = PBXFileReference; lastKnownFileType = sourcecode.swift; path = IntroViewController.swift; sourceTree = "<group>"; };
		5171E0831F11618F00E9ED65 /* Base */ = {isa = PBXFileReference; lastKnownFileType = file.storyboard; name = Base; path = Base.lproj/Main.storyboard; sourceTree = "<group>"; };
		5171E0881F11618F00E9ED65 /* Base */ = {isa = PBXFileReference; lastKnownFileType = file.storyboard; name = Base; path = Base.lproj/LaunchScreen.storyboard; sourceTree = "<group>"; };
		5171E08A1F11618F00E9ED65 /* Info.plist */ = {isa = PBXFileReference; lastKnownFileType = text.plist.xml; path = Info.plist; sourceTree = "<group>"; };
		5171E08F1F11618F00E9ED65 /* iSmack-a-frogTests.xctest */ = {isa = PBXFileReference; explicitFileType = wrapper.cfbundle; includeInIndex = 0; path = "iSmack-a-frogTests.xctest"; sourceTree = BUILT_PRODUCTS_DIR; };
		5171E0931F11618F00E9ED65 /* iSmack_a_frogTests.swift */ = {isa = PBXFileReference; lastKnownFileType = sourcecode.swift; path = iSmack_a_frogTests.swift; sourceTree = "<group>"; };
		5171E0951F11618F00E9ED65 /* Info.plist */ = {isa = PBXFileReference; lastKnownFileType = text.plist.xml; path = Info.plist; sourceTree = "<group>"; };
		5171E09A1F11618F00E9ED65 /* iSmack-a-frogUITests.xctest */ = {isa = PBXFileReference; explicitFileType = wrapper.cfbundle; includeInIndex = 0; path = "iSmack-a-frogUITests.xctest"; sourceTree = BUILT_PRODUCTS_DIR; };
		5171E09E1F11618F00E9ED65 /* iSmack_a_frogUITests.swift */ = {isa = PBXFileReference; lastKnownFileType = sourcecode.swift; path = iSmack_a_frogUITests.swift; sourceTree = "<group>"; };
		5171E0A01F11618F00E9ED65 /* Info.plist */ = {isa = PBXFileReference; lastKnownFileType = text.plist.xml; path = Info.plist; sourceTree = "<group>"; };
		5171E0AC1F116AC100E9ED65 /* .gitignore */ = {isa = PBXFileReference; fileEncoding = 4; lastKnownFileType = text; path = .gitignore; sourceTree = "<group>"; };
		5171E0D21F16AD9100E9ED65 /* GameViewController.swift */ = {isa = PBXFileReference; fileEncoding = 4; lastKnownFileType = sourcecode.swift; path = GameViewController.swift; sourceTree = "<group>"; };
		5171E0D61F1A6DC600E9ED65 /* GameCellView.swift */ = {isa = PBXFileReference; fileEncoding = 4; lastKnownFileType = sourcecode.swift; path = GameCellView.swift; sourceTree = "<group>"; };
		5171E0D81F1AD66000E9ED65 /* Game.swift */ = {isa = PBXFileReference; fileEncoding = 4; lastKnownFileType = sourcecode.swift; path = Game.swift; sourceTree = "<group>"; };
		5171E0D91F1AD66000E9ED65 /* GameConfig.swift */ = {isa = PBXFileReference; fileEncoding = 4; lastKnownFileType = sourcecode.swift; path = GameConfig.swift; sourceTree = "<group>"; };
		5171E0E41F1D30E900E9ED65 /* GameBoard.swift */ = {isa = PBXFileReference; fileEncoding = 4; lastKnownFileType = sourcecode.swift; path = GameBoard.swift; sourceTree = "<group>"; };
		5171E0E61F1D32F700E9ED65 /* GameDifficulty.swift */ = {isa = PBXFileReference; fileEncoding = 4; lastKnownFileType = sourcecode.swift; path = GameDifficulty.swift; sourceTree = "<group>"; };
		5171E0E81F1D46D800E9ED65 /* FrogHole.swift */ = {isa = PBXFileReference; fileEncoding = 4; lastKnownFileType = sourcecode.swift; path = FrogHole.swift; sourceTree = "<group>"; };
		517378791F21463D00B963B0 /* Assets.xcassets */ = {isa = PBXFileReference; lastKnownFileType = folder.assetcatalog; path = Assets.xcassets; sourceTree = "<group>"; };
		517378911F2BF15000B963B0 /* BoardTimeController.swift */ = {isa = PBXFileReference; fileEncoding = 4; lastKnownFileType = sourcecode.swift; path = BoardTimeController.swift; sourceTree = "<group>"; };
		5173967F1F6F11C00094B648 /* Player.swift */ = {isa = PBXFileReference; fileEncoding = 4; lastKnownFileType = sourcecode.swift; path = Player.swift; sourceTree = "<group>"; };
		517396811F6F17AE0094B648 /* DataManager.swift */ = {isa = PBXFileReference; fileEncoding = 4; lastKnownFileType = sourcecode.swift; path = DataManager.swift; sourceTree = "<group>"; };
		517396831F6F38EB0094B648 /* PersistablePlayer.swift */ = {isa = PBXFileReference; fileEncoding = 4; lastKnownFileType = sourcecode.swift; path = PersistablePlayer.swift; sourceTree = "<group>"; };
		517E84EF1F489F480036D7A8 /* GameSummaryViewController.swift */ = {isa = PBXFileReference; fileEncoding = 4; lastKnownFileType = sourcecode.swift; path = GameSummaryViewController.swift; sourceTree = "<group>"; };
		517E85071F48B05E0036D7A8 /* hole.png */ = {isa = PBXFileReference; lastKnownFileType = image.png; path = hole.png; sourceTree = "<group>"; };
		517E85081F48B05E0036D7A8 /* star_2.png */ = {isa = PBXFileReference; lastKnownFileType = image.png; path = star_2.png; sourceTree = "<group>"; };
		517E85091F48B05E0036D7A8 /* Star.png */ = {isa = PBXFileReference; lastKnownFileType = image.png; path = Star.png; sourceTree = "<group>"; };
		517E850A1F48B05E0036D7A8 /* toon_frog_nobackground_croped.png */ = {isa = PBXFileReference; lastKnownFileType = image.png; path = toon_frog_nobackground_croped.png; sourceTree = "<group>"; };
		517E850B1F48B05E0036D7A8 /* toon_frog_nobackground2.png */ = {isa = PBXFileReference; lastKnownFileType = image.png; path = toon_frog_nobackground2.png; sourceTree = "<group>"; };
		517E850C1F48B05E0036D7A8 /* toon_mean_frog.png */ = {isa = PBXFileReference; lastKnownFileType = image.png; path = toon_mean_frog.png; sourceTree = "<group>"; };
		517E850D1F48B05E0036D7A8 /* toon_shocked_frog.png */ = {isa = PBXFileReference; lastKnownFileType = image.png; path = toon_shocked_frog.png; sourceTree = "<group>"; };
		517E850E1F48B05E0036D7A8 /* toon_sick_frog.png */ = {isa = PBXFileReference; lastKnownFileType = image.png; path = toon_sick_frog.png; sourceTree = "<group>"; };
		517E850F1F48B05E0036D7A8 /* x-death.png */ = {isa = PBXFileReference; lastKnownFileType = image.png; path = "x-death.png"; sourceTree = "<group>"; };
		517E85101F48B05E0036D7A8 /* x-life.png */ = {isa = PBXFileReference; lastKnownFileType = image.png; path = "x-life.png"; sourceTree = "<group>"; };
		517E851B1F48B0FC0036D7A8 /* blue_star.png */ = {isa = PBXFileReference; lastKnownFileType = image.png; path = blue_star.png; sourceTree = "<group>"; };
/* End PBXFileReference section */

/* Begin PBXFrameworksBuildPhase section */
		5171E0781F11618F00E9ED65 /* Frameworks */ = {
			isa = PBXFrameworksBuildPhase;
			buildActionMask = 2147483647;
			files = (
			);
			runOnlyForDeploymentPostprocessing = 0;
		};
		5171E08C1F11618F00E9ED65 /* Frameworks */ = {
			isa = PBXFrameworksBuildPhase;
			buildActionMask = 2147483647;
			files = (
			);
			runOnlyForDeploymentPostprocessing = 0;
		};
		5171E0971F11618F00E9ED65 /* Frameworks */ = {
			isa = PBXFrameworksBuildPhase;
			buildActionMask = 2147483647;
			files = (
			);
			runOnlyForDeploymentPostprocessing = 0;
		};
/* End PBXFrameworksBuildPhase section */

/* Begin PBXGroup section */
		5171E0721F11618F00E9ED65 = {
			isa = PBXGroup;
			children = (
				5171E0AC1F116AC100E9ED65 /* .gitignore */,
				5171E07D1F11618F00E9ED65 /* iSmack-a-frog */,
				5171E0921F11618F00E9ED65 /* iSmack-a-frogTests */,
				5171E09D1F11618F00E9ED65 /* iSmack-a-frogUITests */,
				5171E07C1F11618F00E9ED65 /* Products */,
			);
			sourceTree = "<group>";
		};
		5171E07C1F11618F00E9ED65 /* Products */ = {
			isa = PBXGroup;
			children = (
				5171E07B1F11618F00E9ED65 /* iSmack-a-frog.app */,
				5171E08F1F11618F00E9ED65 /* iSmack-a-frogTests.xctest */,
				5171E09A1F11618F00E9ED65 /* iSmack-a-frogUITests.xctest */,
			);
			name = Products;
			sourceTree = "<group>";
		};
		5171E07D1F11618F00E9ED65 /* iSmack-a-frog */ = {
			isa = PBXGroup;
			children = (
				517E851B1F48B0FC0036D7A8 /* blue_star.png */,
				517E85071F48B05E0036D7A8 /* hole.png */,
				517E85081F48B05E0036D7A8 /* star_2.png */,
				517E85091F48B05E0036D7A8 /* Star.png */,
				517E850A1F48B05E0036D7A8 /* toon_frog_nobackground_croped.png */,
				517E850B1F48B05E0036D7A8 /* toon_frog_nobackground2.png */,
				517E850C1F48B05E0036D7A8 /* toon_mean_frog.png */,
				517E850D1F48B05E0036D7A8 /* toon_shocked_frog.png */,
				517E850E1F48B05E0036D7A8 /* toon_sick_frog.png */,
				517E850F1F48B05E0036D7A8 /* x-death.png */,
				517E85101F48B05E0036D7A8 /* x-life.png */,
				5171E07E1F11618F00E9ED65 /* AppDelegate.swift */,
				5171E0801F11618F00E9ED65 /* IntroViewController.swift */,
				5171E0D21F16AD9100E9ED65 /* GameViewController.swift */,
				5171E0D61F1A6DC600E9ED65 /* GameCellView.swift */,
				517E84EF1F489F480036D7A8 /* GameSummaryViewController.swift */,
				5171E0D81F1AD66000E9ED65 /* Game.swift */,
				5171E0D91F1AD66000E9ED65 /* GameConfig.swift */,
				5171E0E41F1D30E900E9ED65 /* GameBoard.swift */,
				5171E0E81F1D46D800E9ED65 /* FrogHole.swift */,
				517378911F2BF15000B963B0 /* BoardTimeController.swift */,
				512002DE1F42756A005FABC1 /* FlipFlopTimer.swift */,
				5171E0E61F1D32F700E9ED65 /* GameDifficulty.swift */,
				5173967F1F6F11C00094B648 /* Player.swift */,
				517396831F6F38EB0094B648 /* PersistablePlayer.swift */,
				517396811F6F17AE0094B648 /* DataManager.swift */,
				512002DC1F2CAA0B005FABC1 /* Utils.swift */,
				5171E0821F11618F00E9ED65 /* Main.storyboard */,
				517378791F21463D00B963B0 /* Assets.xcassets */,
				5171E0871F11618F00E9ED65 /* LaunchScreen.storyboard */,
				5171E08A1F11618F00E9ED65 /* Info.plist */,
			);
			path = "iSmack-a-frog";
			sourceTree = "<group>";
		};
		5171E0921F11618F00E9ED65 /* iSmack-a-frogTests */ = {
			isa = PBXGroup;
			children = (
				5171E0931F11618F00E9ED65 /* iSmack_a_frogTests.swift */,
				5171E0951F11618F00E9ED65 /* Info.plist */,
			);
			path = "iSmack-a-frogTests";
			sourceTree = "<group>";
		};
		5171E09D1F11618F00E9ED65 /* iSmack-a-frogUITests */ = {
			isa = PBXGroup;
			children = (
				5171E09E1F11618F00E9ED65 /* iSmack_a_frogUITests.swift */,
				5171E0A01F11618F00E9ED65 /* Info.plist */,
			);
			path = "iSmack-a-frogUITests";
			sourceTree = "<group>";
		};
/* End PBXGroup section */

/* Begin PBXNativeTarget section */
		5171E07A1F11618F00E9ED65 /* iSmack-a-frog */ = {
			isa = PBXNativeTarget;
			buildConfigurationList = 5171E0A31F11618F00E9ED65 /* Build configuration list for PBXNativeTarget "iSmack-a-frog" */;
			buildPhases = (
				5171E0771F11618F00E9ED65 /* Sources */,
				5171E0781F11618F00E9ED65 /* Frameworks */,
				5171E0791F11618F00E9ED65 /* Resources */,
			);
			buildRules = (
			);
			dependencies = (
			);
			name = "iSmack-a-frog";
			productName = "iSmack-a-frog";
			productReference = 5171E07B1F11618F00E9ED65 /* iSmack-a-frog.app */;
			productType = "com.apple.product-type.application";
		};
		5171E08E1F11618F00E9ED65 /* iSmack-a-frogTests */ = {
			isa = PBXNativeTarget;
			buildConfigurationList = 5171E0A61F11618F00E9ED65 /* Build configuration list for PBXNativeTarget "iSmack-a-frogTests" */;
			buildPhases = (
				5171E08B1F11618F00E9ED65 /* Sources */,
				5171E08C1F11618F00E9ED65 /* Frameworks */,
				5171E08D1F11618F00E9ED65 /* Resources */,
			);
			buildRules = (
			);
			dependencies = (
				5171E0911F11618F00E9ED65 /* PBXTargetDependency */,
			);
			name = "iSmack-a-frogTests";
			productName = "iSmack-a-frogTests";
			productReference = 5171E08F1F11618F00E9ED65 /* iSmack-a-frogTests.xctest */;
			productType = "com.apple.product-type.bundle.unit-test";
		};
		5171E0991F11618F00E9ED65 /* iSmack-a-frogUITests */ = {
			isa = PBXNativeTarget;
			buildConfigurationList = 5171E0A91F11618F00E9ED65 /* Build configuration list for PBXNativeTarget "iSmack-a-frogUITests" */;
			buildPhases = (
				5171E0961F11618F00E9ED65 /* Sources */,
				5171E0971F11618F00E9ED65 /* Frameworks */,
				5171E0981F11618F00E9ED65 /* Resources */,
			);
			buildRules = (
			);
			dependencies = (
				5171E09C1F11618F00E9ED65 /* PBXTargetDependency */,
			);
			name = "iSmack-a-frogUITests";
			productName = "iSmack-a-frogUITests";
			productReference = 5171E09A1F11618F00E9ED65 /* iSmack-a-frogUITests.xctest */;
			productType = "com.apple.product-type.bundle.ui-testing";
		};
/* End PBXNativeTarget section */

/* Begin PBXProject section */
		5171E0731F11618F00E9ED65 /* Project object */ = {
			isa = PBXProject;
			attributes = {
				LastSwiftUpdateCheck = 0830;
				LastUpgradeCheck = 0830;
				ORGANIZATIONNAME = rony_temp;
				TargetAttributes = {
					5171E07A1F11618F00E9ED65 = {
						CreatedOnToolsVersion = 8.3.3;
						ProvisioningStyle = Automatic;
					};
					5171E08E1F11618F00E9ED65 = {
						CreatedOnToolsVersion = 8.3.3;
						ProvisioningStyle = Automatic;
						TestTargetID = 5171E07A1F11618F00E9ED65;
					};
					5171E0991F11618F00E9ED65 = {
						CreatedOnToolsVersion = 8.3.3;
						ProvisioningStyle = Automatic;
						TestTargetID = 5171E07A1F11618F00E9ED65;
					};
				};
			};
			buildConfigurationList = 5171E0761F11618F00E9ED65 /* Build configuration list for PBXProject "iSmack-a-frog" */;
			compatibilityVersion = "Xcode 3.2";
			developmentRegion = English;
			hasScannedForEncodings = 0;
			knownRegions = (
				en,
				Base,
			);
			mainGroup = 5171E0721F11618F00E9ED65;
			productRefGroup = 5171E07C1F11618F00E9ED65 /* Products */;
			projectDirPath = "";
			projectRoot = "";
			targets = (
				5171E07A1F11618F00E9ED65 /* iSmack-a-frog */,
				5171E08E1F11618F00E9ED65 /* iSmack-a-frogTests */,
				5171E0991F11618F00E9ED65 /* iSmack-a-frogUITests */,
			);
		};
/* End PBXProject section */

/* Begin PBXResourcesBuildPhase section */
		5171E0791F11618F00E9ED65 /* Resources */ = {
			isa = PBXResourcesBuildPhase;
			buildActionMask = 2147483647;
			files = (
				517E85121F48B05E0036D7A8 /* star_2.png in Resources */,
				517E85131F48B05E0036D7A8 /* Star.png in Resources */,
				5171E0AD1F116AC100E9ED65 /* .gitignore in Resources */,
				517E851C1F48B0FC0036D7A8 /* blue_star.png in Resources */,
				517E85181F48B05E0036D7A8 /* toon_sick_frog.png in Resources */,
				517E85141F48B05E0036D7A8 /* toon_frog_nobackground_croped.png in Resources */,
				517E85111F48B05E0036D7A8 /* hole.png in Resources */,
				5171E0891F11618F00E9ED65 /* LaunchScreen.storyboard in Resources */,
				5173787A1F21463D00B963B0 /* Assets.xcassets in Resources */,
				517E851A1F48B05E0036D7A8 /* x-life.png in Resources */,
				517E85171F48B05E0036D7A8 /* toon_shocked_frog.png in Resources */,
				517E85191F48B05E0036D7A8 /* x-death.png in Resources */,
				5171E0841F11618F00E9ED65 /* Main.storyboard in Resources */,
				517E85161F48B05E0036D7A8 /* toon_mean_frog.png in Resources */,
				517E85151F48B05E0036D7A8 /* toon_frog_nobackground2.png in Resources */,
			);
			runOnlyForDeploymentPostprocessing = 0;
		};
		5171E08D1F11618F00E9ED65 /* Resources */ = {
			isa = PBXResourcesBuildPhase;
			buildActionMask = 2147483647;
			files = (
			);
			runOnlyForDeploymentPostprocessing = 0;
		};
		5171E0981F11618F00E9ED65 /* Resources */ = {
			isa = PBXResourcesBuildPhase;
			buildActionMask = 2147483647;
			files = (
			);
			runOnlyForDeploymentPostprocessing = 0;
		};
/* End PBXResourcesBuildPhase section */

/* Begin PBXSourcesBuildPhase section */
		5171E0771F11618F00E9ED65 /* Sources */ = {
			isa = PBXSourcesBuildPhase;
			buildActionMask = 2147483647;
			files = (
				5171E0D31F16AD9100E9ED65 /* GameViewController.swift in Sources */,
				517396821F6F17AE0094B648 /* DataManager.swift in Sources */,
				5171E0D71F1A6DC600E9ED65 /* GameCellView.swift in Sources */,
				5171E0DA1F1AD66000E9ED65 /* Game.swift in Sources */,
				5171E0E51F1D30E900E9ED65 /* GameBoard.swift in Sources */,
				517396801F6F11C00094B648 /* Player.swift in Sources */,
				5171E0E71F1D32F700E9ED65 /* GameDifficulty.swift in Sources */,
				517378921F2BF15000B963B0 /* BoardTimeController.swift in Sources */,
				5171E0E91F1D46D800E9ED65 /* FrogHole.swift in Sources */,
				512002DD1F2CAA0B005FABC1 /* Utils.swift in Sources */,
				5171E0DB1F1AD66000E9ED65 /* GameConfig.swift in Sources */,
				517E84F01F489F480036D7A8 /* GameSummaryViewController.swift in Sources */,
				5171E0811F11618F00E9ED65 /* IntroViewController.swift in Sources */,
				517396841F6F38EB0094B648 /* PersistablePlayer.swift in Sources */,
				5171E07F1F11618F00E9ED65 /* AppDelegate.swift in Sources */,
				512002DF1F42756A005FABC1 /* FlipFlopTimer.swift in Sources */,
			);
			runOnlyForDeploymentPostprocessing = 0;
		};
		5171E08B1F11618F00E9ED65 /* Sources */ = {
			isa = PBXSourcesBuildPhase;
			buildActionMask = 2147483647;
			files = (
				5171E0941F11618F00E9ED65 /* iSmack_a_frogTests.swift in Sources */,
			);
			runOnlyForDeploymentPostprocessing = 0;
		};
		5171E0961F11618F00E9ED65 /* Sources */ = {
			isa = PBXSourcesBuildPhase;
			buildActionMask = 2147483647;
			files = (
				5171E09F1F11618F00E9ED65 /* iSmack_a_frogUITests.swift in Sources */,
			);
			runOnlyForDeploymentPostprocessing = 0;
		};
/* End PBXSourcesBuildPhase section */

/* Begin PBXTargetDependency section */
		5171E0911F11618F00E9ED65 /* PBXTargetDependency */ = {
			isa = PBXTargetDependency;
			target = 5171E07A1F11618F00E9ED65 /* iSmack-a-frog */;
			targetProxy = 5171E0901F11618F00E9ED65 /* PBXContainerItemProxy */;
		};
		5171E09C1F11618F00E9ED65 /* PBXTargetDependency */ = {
			isa = PBXTargetDependency;
			target = 5171E07A1F11618F00E9ED65 /* iSmack-a-frog */;
			targetProxy = 5171E09B1F11618F00E9ED65 /* PBXContainerItemProxy */;
		};
/* End PBXTargetDependency section */

/* Begin PBXVariantGroup section */
		5171E0821F11618F00E9ED65 /* Main.storyboard */ = {
			isa = PBXVariantGroup;
			children = (
				5171E0831F11618F00E9ED65 /* Base */,
			);
			name = Main.storyboard;
			sourceTree = "<group>";
		};
		5171E0871F11618F00E9ED65 /* LaunchScreen.storyboard */ = {
			isa = PBXVariantGroup;
			children = (
				5171E0881F11618F00E9ED65 /* Base */,
			);
			name = LaunchScreen.storyboard;
			sourceTree = "<group>";
		};
/* End PBXVariantGroup section */

/* Begin XCBuildConfiguration section */
		5171E0A11F11618F00E9ED65 /* Debug */ = {
			isa = XCBuildConfiguration;
			buildSettings = {
				ALWAYS_SEARCH_USER_PATHS = NO;
				CLANG_ANALYZER_NONNULL = YES;
				CLANG_ANALYZER_NUMBER_OBJECT_CONVERSION = YES_AGGRESSIVE;
				CLANG_CXX_LANGUAGE_STANDARD = "gnu++0x";
				CLANG_CXX_LIBRARY = "libc++";
				CLANG_ENABLE_MODULES = YES;
				CLANG_ENABLE_OBJC_ARC = YES;
				CLANG_WARN_BOOL_CONVERSION = YES;
				CLANG_WARN_CONSTANT_CONVERSION = YES;
				CLANG_WARN_DIRECT_OBJC_ISA_USAGE = YES_ERROR;
				CLANG_WARN_DOCUMENTATION_COMMENTS = YES;
				CLANG_WARN_EMPTY_BODY = YES;
				CLANG_WARN_ENUM_CONVERSION = YES;
				CLANG_WARN_INFINITE_RECURSION = YES;
				CLANG_WARN_INT_CONVERSION = YES;
				CLANG_WARN_OBJC_ROOT_CLASS = YES_ERROR;
				CLANG_WARN_SUSPICIOUS_MOVE = YES;
				CLANG_WARN_UNREACHABLE_CODE = YES;
				CLANG_WARN__DUPLICATE_METHOD_MATCH = YES;
				"CODE_SIGN_IDENTITY[sdk=iphoneos*]" = "iPhone Developer";
				COPY_PHASE_STRIP = NO;
				DEBUG_INFORMATION_FORMAT = dwarf;
				ENABLE_STRICT_OBJC_MSGSEND = YES;
				ENABLE_TESTABILITY = YES;
				GCC_C_LANGUAGE_STANDARD = gnu99;
				GCC_DYNAMIC_NO_PIC = NO;
				GCC_NO_COMMON_BLOCKS = YES;
				GCC_OPTIMIZATION_LEVEL = 0;
				GCC_PREPROCESSOR_DEFINITIONS = (
					"DEBUG=1",
					"$(inherited)",
				);
				GCC_WARN_64_TO_32_BIT_CONVERSION = YES;
				GCC_WARN_ABOUT_RETURN_TYPE = YES_ERROR;
				GCC_WARN_UNDECLARED_SELECTOR = YES;
				GCC_WARN_UNINITIALIZED_AUTOS = YES_AGGRESSIVE;
				GCC_WARN_UNUSED_FUNCTION = YES;
				GCC_WARN_UNUSED_VARIABLE = YES;
				IPHONEOS_DEPLOYMENT_TARGET = 10.3;
				MTL_ENABLE_DEBUG_INFO = YES;
				ONLY_ACTIVE_ARCH = YES;
				SDKROOT = iphoneos;
				SWIFT_ACTIVE_COMPILATION_CONDITIONS = DEBUG;
				SWIFT_OPTIMIZATION_LEVEL = "-Onone";
				TARGETED_DEVICE_FAMILY = "1,2";
			};
			name = Debug;
		};
		5171E0A21F11618F00E9ED65 /* Release */ = {
			isa = XCBuildConfiguration;
			buildSettings = {
				ALWAYS_SEARCH_USER_PATHS = NO;
				CLANG_ANALYZER_NONNULL = YES;
				CLANG_ANALYZER_NUMBER_OBJECT_CONVERSION = YES_AGGRESSIVE;
				CLANG_CXX_LANGUAGE_STANDARD = "gnu++0x";
				CLANG_CXX_LIBRARY = "libc++";
				CLANG_ENABLE_MODULES = YES;
				CLANG_ENABLE_OBJC_ARC = YES;
				CLANG_WARN_BOOL_CONVERSION = YES;
				CLANG_WARN_CONSTANT_CONVERSION = YES;
				CLANG_WARN_DIRECT_OBJC_ISA_USAGE = YES_ERROR;
				CLANG_WARN_DOCUMENTATION_COMMENTS = YES;
				CLANG_WARN_EMPTY_BODY = YES;
				CLANG_WARN_ENUM_CONVERSION = YES;
				CLANG_WARN_INFINITE_RECURSION = YES;
				CLANG_WARN_INT_CONVERSION = YES;
				CLANG_WARN_OBJC_ROOT_CLASS = YES_ERROR;
				CLANG_WARN_SUSPICIOUS_MOVE = YES;
				CLANG_WARN_UNREACHABLE_CODE = YES;
				CLANG_WARN__DUPLICATE_METHOD_MATCH = YES;
				"CODE_SIGN_IDENTITY[sdk=iphoneos*]" = "iPhone Developer";
				COPY_PHASE_STRIP = NO;
				DEBUG_INFORMATION_FORMAT = "dwarf-with-dsym";
				ENABLE_NS_ASSERTIONS = NO;
				ENABLE_STRICT_OBJC_MSGSEND = YES;
				GCC_C_LANGUAGE_STANDARD = gnu99;
				GCC_NO_COMMON_BLOCKS = YES;
				GCC_WARN_64_TO_32_BIT_CONVERSION = YES;
				GCC_WARN_ABOUT_RETURN_TYPE = YES_ERROR;
				GCC_WARN_UNDECLARED_SELECTOR = YES;
				GCC_WARN_UNINITIALIZED_AUTOS = YES_AGGRESSIVE;
				GCC_WARN_UNUSED_FUNCTION = YES;
				GCC_WARN_UNUSED_VARIABLE = YES;
				IPHONEOS_DEPLOYMENT_TARGET = 10.3;
				MTL_ENABLE_DEBUG_INFO = NO;
				SDKROOT = iphoneos;
				SWIFT_OPTIMIZATION_LEVEL = "-Owholemodule";
				TARGETED_DEVICE_FAMILY = "1,2";
				VALIDATE_PRODUCT = YES;
			};
			name = Release;
		};
		5171E0A41F11618F00E9ED65 /* Debug */ = {
			isa = XCBuildConfiguration;
			buildSettings = {
				ASSETCATALOG_COMPILER_APPICON_NAME = AppIcon;
				DEVELOPMENT_TEAM = "";
				INFOPLIST_FILE = "iSmack-a-frog/Info.plist";
				LD_RUNPATH_SEARCH_PATHS = "$(inherited) @executable_path/Frameworks";
				PRODUCT_BUNDLE_IDENTIFIER = "com.ronylevari.iSmack-a-frog";
				PRODUCT_NAME = "$(TARGET_NAME)";
				SWIFT_VERSION = 3.0;
			};
			name = Debug;
		};
		5171E0A51F11618F00E9ED65 /* Release */ = {
			isa = XCBuildConfiguration;
			buildSettings = {
				ASSETCATALOG_COMPILER_APPICON_NAME = AppIcon;
				DEVELOPMENT_TEAM = "";
				INFOPLIST_FILE = "iSmack-a-frog/Info.plist";
				LD_RUNPATH_SEARCH_PATHS = "$(inherited) @executable_path/Frameworks";
				PRODUCT_BUNDLE_IDENTIFIER = "com.ronylevari.iSmack-a-frog";
				PRODUCT_NAME = "$(TARGET_NAME)";
				SWIFT_VERSION = 3.0;
			};
			name = Release;
		};
		5171E0A71F11618F00E9ED65 /* Debug */ = {
			isa = XCBuildConfiguration;
			buildSettings = {
				ALWAYS_EMBED_SWIFT_STANDARD_LIBRARIES = YES;
				BUNDLE_LOADER = "$(TEST_HOST)";
				INFOPLIST_FILE = "iSmack-a-frogTests/Info.plist";
				LD_RUNPATH_SEARCH_PATHS = "$(inherited) @executable_path/Frameworks @loader_path/Frameworks";
				PRODUCT_BUNDLE_IDENTIFIER = "com.ronylevari.iSmack-a-frogTests";
				PRODUCT_NAME = "$(TARGET_NAME)";
				SWIFT_VERSION = 3.0;
				TEST_HOST = "$(BUILT_PRODUCTS_DIR)/iSmack-a-frog.app/iSmack-a-frog";
			};
			name = Debug;
		};
		5171E0A81F11618F00E9ED65 /* Release */ = {
			isa = XCBuildConfiguration;
			buildSettings = {
				ALWAYS_EMBED_SWIFT_STANDARD_LIBRARIES = YES;
				BUNDLE_LOADER = "$(TEST_HOST)";
				INFOPLIST_FILE = "iSmack-a-frogTests/Info.plist";
				LD_RUNPATH_SEARCH_PATHS = "$(inherited) @executable_path/Frameworks @loader_path/Frameworks";
				PRODUCT_BUNDLE_IDENTIFIER = "com.ronylevari.iSmack-a-frogTests";
				PRODUCT_NAME = "$(TARGET_NAME)";
				SWIFT_VERSION = 3.0;
				TEST_HOST = "$(BUILT_PRODUCTS_DIR)/iSmack-a-frog.app/iSmack-a-frog";
			};
			name = Release;
		};
		5171E0AA1F11618F00E9ED65 /* Debug */ = {
			isa = XCBuildConfiguration;
			buildSettings = {
				ALWAYS_EMBED_SWIFT_STANDARD_LIBRARIES = YES;
				INFOPLIST_FILE = "iSmack-a-frogUITests/Info.plist";
				LD_RUNPATH_SEARCH_PATHS = "$(inherited) @executable_path/Frameworks @loader_path/Frameworks";
				PRODUCT_BUNDLE_IDENTIFIER = "com.ronylevari.iSmack-a-frogUITests";
				PRODUCT_NAME = "$(TARGET_NAME)";
				SWIFT_VERSION = 3.0;
				TEST_TARGET_NAME = "iSmack-a-frog";
			};
			name = Debug;
		};
		5171E0AB1F11618F00E9ED65 /* Release */ = {
			isa = XCBuildConfiguration;
			buildSettings = {
				ALWAYS_EMBED_SWIFT_STANDARD_LIBRARIES = YES;
				INFOPLIST_FILE = "iSmack-a-frogUITests/Info.plist";
				LD_RUNPATH_SEARCH_PATHS = "$(inherited) @executable_path/Frameworks @loader_path/Frameworks";
				PRODUCT_BUNDLE_IDENTIFIER = "com.ronylevari.iSmack-a-frogUITests";
				PRODUCT_NAME = "$(TARGET_NAME)";
				SWIFT_VERSION = 3.0;
				TEST_TARGET_NAME = "iSmack-a-frog";
			};
			name = Release;
		};
/* End XCBuildConfiguration section */

/* Begin XCConfigurationList section */
		5171E0761F11618F00E9ED65 /* Build configuration list for PBXProject "iSmack-a-frog" */ = {
			isa = XCConfigurationList;
			buildConfigurations = (
				5171E0A11F11618F00E9ED65 /* Debug */,
				5171E0A21F11618F00E9ED65 /* Release */,
			);
			defaultConfigurationIsVisible = 0;
			defaultConfigurationName = Release;
		};
		5171E0A31F11618F00E9ED65 /* Build configuration list for PBXNativeTarget "iSmack-a-frog" */ = {
			isa = XCConfigurationList;
			buildConfigurations = (
				5171E0A41F11618F00E9ED65 /* Debug */,
				5171E0A51F11618F00E9ED65 /* Release */,
			);
			defaultConfigurationIsVisible = 0;
			defaultConfigurationName = Release;
		};
		5171E0A61F11618F00E9ED65 /* Build configuration list for PBXNativeTarget "iSmack-a-frogTests" */ = {
			isa = XCConfigurationList;
			buildConfigurations = (
				5171E0A71F11618F00E9ED65 /* Debug */,
				5171E0A81F11618F00E9ED65 /* Release */,
			);
			defaultConfigurationIsVisible = 0;
			defaultConfigurationName = Release;
		};
		5171E0A91F11618F00E9ED65 /* Build configuration list for PBXNativeTarget "iSmack-a-frogUITests" */ = {
			isa = XCConfigurationList;
			buildConfigurations = (
				5171E0AA1F11618F00E9ED65 /* Debug */,
				5171E0AB1F11618F00E9ED65 /* Release */,
			);
			defaultConfigurationIsVisible = 0;
			defaultConfigurationName = Release;
		};
/* End XCConfigurationList section */
	};
	rootObject = 5171E0731F11618F00E9ED65 /* Project object */;
}
